{
  "name": "aas-vpn-session",
  "lockfileVersion": 3,
  "requires": true,
  "packages": {
    "": {
      "name": "aas-vpn-session",
      "dependencies": {
        "iron-webcrypto": "1.2.1"
      }
    },
    "node_modules/iron-webcrypto": {
      "version": "1.2.1",
      "resolved": "https://registry.npmjs.org/iron-webcrypto/-/iron-webcrypto-1.2.1.tgz",
      "integrity": "sha512-feOM6FaSr6rEABp/eDfVseKyTMDt+KGpeB35SkVn9Tyn0CqvVsY3EwI0v5i8nMHyJnzCIQf7nsy3p41TPkJZhg==",
      "license": "MIT",
      "funding": {
        "url": "https://github.com/sponsors/brc-dd"
      }
    }
  }
}
